
Microsoft Visual Studio Solution File, Format Version 12.00
# Visual Studio Version 17
VisualStudioVersion = 17.0.32126.317
MinimumVisualStudioVersion = 10.0.40219.1
Project("{FAE04EC0-301F-11D3-BF4B-00C04F79EFBC}") = "AtConsoleApp", "AtConsoleApp\AtConsoleApp.csproj", "{BCB39BBE-C250-40AF-BD74-411D7570424C}"
EndProject
Project("{FAE04EC0-301F-11D3-BF4B-00C04F79EFBC}") = "AtClassLibrary", "AtClassLibrary\AtClassLibrary.csproj", "{323DB7D5-9AA5-4BA8-8EFF-9DF4F0E9207D}"
EndProject
Project("{FAE04EC0-301F-11D3-BF4B-00C04F79EFBC}") = "AtConsoleApp.Test", "AtConsoleApp.Test\AtConsoleApp.Test.csproj", "{7BD2A0F2-79BB-4517-943B-8EBBCD503576}"
EndProject
Global
	GlobalSection(SolutionConfigurationPlatforms) = preSolution
		Debug|Any CPU = Debug|Any CPU
		Release|Any CPU = Release|Any CPU
	EndGlobalSection
	GlobalSection(ProjectConfigurationPlatforms) = postSolution
		{BCB39BBE-C250-40AF-BD74-411D7570424C}.Debug|Any CPU.ActiveCfg = Debug|Any CPU
		{BCB39BBE-C250-40AF-BD74-411D7570424C}.Debug|Any CPU.Build.0 = Debug|Any CPU
		{BCB39BBE-C250-40AF-BD74-411D7570424C}.Release|Any CPU.ActiveCfg = Release|Any CPU
		{BCB39BBE-C250-40AF-BD74-411D7570424C}.Release|Any CPU.Build.0 = Release|Any CPU
		{323DB7D5-9AA5-4BA8-8EFF-9DF4F0E9207D}.Debug|Any CPU.ActiveCfg = Debug|Any CPU
		{323DB7D5-9AA5-4BA8-8EFF-9DF4F0E9207D}.Debug|Any CPU.Build.0 = Debug|Any CPU
		{323DB7D5-9AA5-4BA8-8EFF-9DF4F0E9207D}.Release|Any CPU.ActiveCfg = Release|Any CPU
		{323DB7D5-9AA5-4BA8-8EFF-9DF4F0E9207D}.Release|Any CPU.Build.0 = Release|Any CPU
		{7BD2A0F2-79BB-4517-943B-8EBBCD503576}.Debug|Any CPU.ActiveCfg = Debug|Any CPU
		{7BD2A0F2-79BB-4517-943B-8EBBCD503576}.Debug|Any CPU.Build.0 = Debug|Any CPU
		{7BD2A0F2-79BB-4517-943B-8EBBCD503576}.Release|Any CPU.ActiveCfg = Release|Any CPU
		{7BD2A0F2-79BB-4517-943B-8EBBCD503576}.Release|Any CPU.Build.0 = Release|Any CPU
	EndGlobalSection
	GlobalSection(SolutionProperties) = preSolution
		HideSolutionNode = FALSE
	EndGlobalSection
	GlobalSection(ExtensibilityGlobals) = postSolution
		SolutionGuid = {97D8C32E-9F52-4CE8-838C-C4775CE32C58}
	EndGlobalSection
EndGlobal
